
Microsoft Visual Studio Solution File, Format Version 12.00
# Visual Studio Version 17
VisualStudioVersion = 17.8.34408.163
MinimumVisualStudioVersion = 10.0.40219.1
Project("{FAE04EC0-301F-11D3-BF4B-00C04F79EFBC}") = "Demirbas", "Demirbas\Demirbas.csproj", "{900777FD-E68B-49BE-9002-C58A5B21A1DB}"
EndProject
Global
	GlobalSection(SolutionConfigurationPlatforms) = preSolution
		Debug|Any CPU = Debug|Any CPU
		Release|Any CPU = Release|Any CPU
	EndGlobalSection
	GlobalSection(ProjectConfigurationPlatforms) = postSolution
		{900777FD-E68B-49BE-9002-C58A5B21A1DB}.Debug|Any CPU.ActiveCfg = Debug|Any CPU
		{900777FD-E68B-49BE-9002-C58A5B21A1DB}.Debug|Any CPU.Build.0 = Debug|Any CPU
		{900777FD-E68B-49BE-9002-C58A5B21A1DB}.Release|Any CPU.ActiveCfg = Release|Any CPU
		{900777FD-E68B-49BE-9002-C58A5B21A1DB}.Release|Any CPU.Build.0 = Release|Any CPU
	EndGlobalSection
	GlobalSection(SolutionProperties) = preSolution
		HideSolutionNode = FALSE
	EndGlobalSection
	GlobalSection(ExtensibilityGlobals) = postSolution
		SolutionGuid = {6FB8880B-7C60-43CB-BC9D-2D8F04F175BA}
	EndGlobalSection
EndGlobal
